{
  "name": "backpack-android",
  "version": "0.0.0",
  "lockfileVersion": 2,
  "requires": true,
  "packages": {
    "": {
      "name": "backpack-android",
      "version": "0.0.0",
      "license": "Apache-2.0",
      "devDependencies": {
        "@skyscanner/bpk-foundations-android": "^7.2.0",
        "@skyscanner/bpk-svgs": "^18.1.0"
      },
      "engines": {
        "node": "^18.16.0",
        "npm": "^9.5.1"
      }
    },
    "node_modules/@skyscanner/bpk-foundations-android": {
      "version": "7.2.0",
      "resolved": "https://registry.npmjs.org/@skyscanner/bpk-foundations-android/-/bpk-foundations-android-7.2.0.tgz",
      "integrity": "sha512-x6mf2VmisSQtcLDxPwNRbxmSxGFgWOZkhYpFblZxvyPu07/n6q1m/oMVAiI8Ya+hFticZneW49ayB8Kj264vfg==",
      "dev": true,
      "dependencies": {
        "@skyscanner/bpk-foundations-common": "^6.2.0",
        "color": "^3.0.0"
      }
    },
    "node_modules/@skyscanner/bpk-foundations-common": {
      "version": "6.2.0",
      "resolved": "https://registry.npmjs.org/@skyscanner/bpk-foundations-common/-/bpk-foundations-common-6.2.0.tgz",
      "integrity": "sha512-uLpoEoENqE4h2J8xt1ZBSx9V3xMa8GNLf8m+yZPdYeWnY7RIkxiTEPHzs4jrH97m5vEG6rlqe5T2MnQTEm+OeQ==",
      "dev": true,
      "dependencies": {
        "color": "^3.0.0"
      }
    },
    "node_modules/@skyscanner/bpk-svgs": {
      "version": "18.1.3",
      "resolved": "https://registry.npmjs.org/@skyscanner/bpk-svgs/-/bpk-svgs-18.1.3.tgz",
      "integrity": "sha512-RotqoReJO5Ohp3RT/1cmnIT4ZylLt2RkYnYqTPbhcm/JeD/URzQl0g51NGDDmPQ1/bAvaOX3PxtYG8VJQxJMsQ==",
      "dev": true
    },
    "node_modules/color": {
      "version": "3.2.1",
      "resolved": "https://registry.npmjs.org/color/-/color-3.2.1.tgz",
      "integrity": "sha512-aBl7dZI9ENN6fUGC7mWpMTPNHmWUSNan9tuWN6ahh5ZLNk9baLJOnSMlrQkHcrfFgz2/RigjUVAjdx36VcemKA==",
      "dev": true,
      "dependencies": {
        "color-convert": "^1.9.3",
        "color-string": "^1.6.0"
      }
    },
    "node_modules/color-convert": {
      "version": "1.9.3",
      "resolved": "https://registry.npmjs.org/color-convert/-/color-convert-1.9.3.tgz",
      "integrity": "sha512-QfAUtd+vFdAtFQcC8CCyYt1fYWxSqAiK2cSD6zDB8N3cpsEBAvRxp9zOGg6G/SHHJYAT88/az/IuDGALsNVbGg==",
      "dev": true,
      "dependencies": {
        "color-name": "1.1.3"
      }
    },
    "node_modules/color-name": {
      "version": "1.1.3",
      "resolved": "https://registry.npmjs.org/color-name/-/color-name-1.1.3.tgz",
      "integrity": "sha512-72fSenhMw2HZMTVHeCA9KCmpEIbzWiQsjN+BHcBbS9vr1mtt+vJjPdksIBNUmKAW8TFUDPJK5SUU3QhE9NEXDw==",
      "dev": true
    },
    "node_modules/color-string": {
      "version": "1.9.1",
      "resolved": "https://registry.npmjs.org/color-string/-/color-string-1.9.1.tgz",
      "integrity": "sha512-shrVawQFojnZv6xM40anx4CkoDP+fZsw/ZerEMsW/pyzsRbElpsL/DBVW7q3ExxwusdNXI3lXpuhEZkzs8p5Eg==",
      "dev": true,
      "dependencies": {
        "color-name": "^1.0.0",
        "simple-swizzle": "^0.2.2"
      }
    },
    "node_modules/is-arrayish": {
      "version": "0.3.2",
      "resolved": "https://registry.npmjs.org/is-arrayish/-/is-arrayish-0.3.2.tgz",
      "integrity": "sha512-eVRqCvVlZbuw3GrM63ovNSNAeA1K16kaR/LRY/92w0zxQ5/1YzwblUX652i4Xs9RwAGjW9d9y6X88t8OaAJfWQ==",
      "dev": true
    },
    "node_modules/simple-swizzle": {
      "version": "0.2.2",
      "resolved": "https://registry.npmjs.org/simple-swizzle/-/simple-swizzle-0.2.2.tgz",
      "integrity": "sha512-JA//kQgZtbuY83m+xT+tXJkmJncGMTFT+C+g2h2R9uxkYIrE2yy9sgmcLhCnw57/WSD+Eh3J97FPEDFnbXnDUg==",
      "dev": true,
      "dependencies": {
        "is-arrayish": "^0.3.1"
      }
    }
  },
  "dependencies": {
    "@skyscanner/bpk-foundations-android": {
      "version": "7.2.0",
      "resolved": "https://registry.npmjs.org/@skyscanner/bpk-foundations-android/-/bpk-foundations-android-7.2.0.tgz",
      "integrity": "sha512-x6mf2VmisSQtcLDxPwNRbxmSxGFgWOZkhYpFblZxvyPu07/n6q1m/oMVAiI8Ya+hFticZneW49ayB8Kj264vfg==",
      "dev": true,
      "requires": {
        "@skyscanner/bpk-foundations-common": "^6.2.0",
        "color": "^3.0.0"
      }
    },
    "@skyscanner/bpk-foundations-common": {
      "version": "6.2.0",
      "resolved": "https://registry.npmjs.org/@skyscanner/bpk-foundations-common/-/bpk-foundations-common-6.2.0.tgz",
      "integrity": "sha512-uLpoEoENqE4h2J8xt1ZBSx9V3xMa8GNLf8m+yZPdYeWnY7RIkxiTEPHzs4jrH97m5vEG6rlqe5T2MnQTEm+OeQ==",
      "dev": true,
      "requires": {
        "color": "^3.0.0"
      }
    },
    "@skyscanner/bpk-svgs": {
      "version": "18.1.3",
      "resolved": "https://registry.npmjs.org/@skyscanner/bpk-svgs/-/bpk-svgs-18.1.3.tgz",
      "integrity": "sha512-RotqoReJO5Ohp3RT/1cmnIT4ZylLt2RkYnYqTPbhcm/JeD/URzQl0g51NGDDmPQ1/bAvaOX3PxtYG8VJQxJMsQ==",
      "dev": true
    },
    "color": {
      "version": "3.2.1",
      "resolved": "https://registry.npmjs.org/color/-/color-3.2.1.tgz",
      "integrity": "sha512-aBl7dZI9ENN6fUGC7mWpMTPNHmWUSNan9tuWN6ahh5ZLNk9baLJOnSMlrQkHcrfFgz2/RigjUVAjdx36VcemKA==",
      "dev": true,
      "requires": {
        "color-convert": "^1.9.3",
        "color-string": "^1.6.0"
      }
    },
    "color-convert": {
      "version": "1.9.3",
      "resolved": "https://registry.npmjs.org/color-convert/-/color-convert-1.9.3.tgz",
      "integrity": "sha512-QfAUtd+vFdAtFQcC8CCyYt1fYWxSqAiK2cSD6zDB8N3cpsEBAvRxp9zOGg6G/SHHJYAT88/az/IuDGALsNVbGg==",
      "dev": true,
      "requires": {
        "color-name": "1.1.3"
      }
    },
    "color-name": {
      "version": "1.1.3",
      "resolved": "https://registry.npmjs.org/color-name/-/color-name-1.1.3.tgz",
      "integrity": "sha512-72fSenhMw2HZMTVHeCA9KCmpEIbzWiQsjN+BHcBbS9vr1mtt+vJjPdksIBNUmKAW8TFUDPJK5SUU3QhE9NEXDw==",
      "dev": true
    },
    "color-string": {
      "version": "1.9.1",
      "resolved": "https://registry.npmjs.org/color-string/-/color-string-1.9.1.tgz",
      "integrity": "sha512-shrVawQFojnZv6xM40anx4CkoDP+fZsw/ZerEMsW/pyzsRbElpsL/DBVW7q3ExxwusdNXI3lXpuhEZkzs8p5Eg==",
      "dev": true,
      "requires": {
        "color-name": "^1.0.0",
        "simple-swizzle": "^0.2.2"
      }
    },
    "is-arrayish": {
      "version": "0.3.2",
      "resolved": "https://registry.npmjs.org/is-arrayish/-/is-arrayish-0.3.2.tgz",
      "integrity": "sha512-eVRqCvVlZbuw3GrM63ovNSNAeA1K16kaR/LRY/92w0zxQ5/1YzwblUX652i4Xs9RwAGjW9d9y6X88t8OaAJfWQ==",
      "dev": true
    },
    "simple-swizzle": {
      "version": "0.2.2",
      "resolved": "https://registry.npmjs.org/simple-swizzle/-/simple-swizzle-0.2.2.tgz",
      "integrity": "sha512-JA//kQgZtbuY83m+xT+tXJkmJncGMTFT+C+g2h2R9uxkYIrE2yy9sgmcLhCnw57/WSD+Eh3J97FPEDFnbXnDUg==",
      "dev": true,
      "requires": {
        "is-arrayish": "^0.3.1"
      }
    }
  }
}
