{
    "name": "backpack-android",
    "version": "0.0.0",
    "lockfileVersion": 2,
    "requires": true,
    "packages": {
        "": {
            "name": "backpack-android",
            "version": "0.0.0",
            "license": "Apache-2.0",
            "devDependencies": {
                "@skyscanner/bpk-foundations-android": "^21.1.0",
                "@skyscanner/bpk-svgs": "^20.4.1"
            },
            "engines": {
                "node": "^18.16.0",
                "npm": "^9.5.1"
            }
        },
        "node_modules/@skyscanner/bpk-foundations-android": {
            "version": "21.1.0",
            "resolved": "https://registry.npmjs.org/@skyscanner/bpk-foundations-android/-/bpk-foundations-android-21.1.0.tgz",
            "integrity": "sha512-nlfyLf+1YaTiekh00enmuD/jlreVRt96m9rire0bvFo70QUsgHUW8o9sglF/XX9U3Gri6cI8aKdKmj+F86MovA==",
            "dev": true,
            "dependencies": {
                "@skyscanner/bpk-foundations-common": "^21.1.0",
                "color": "^5.0.0"
            }
        },
        "node_modules/@skyscanner/bpk-foundations-common": {
            "version": "21.1.0",
            "resolved": "https://registry.npmjs.org/@skyscanner/bpk-foundations-common/-/bpk-foundations-common-21.1.0.tgz",
            "integrity": "sha512-HmiT+fHi8XaGYpSi5yUf5w4JV7mxgjuuEmv0v2jmU/FHeWmqPutPPp96GYfEpKy69dTLp2fxGgmGqZD3gQsPyA==",
            "dev": true,
            "dependencies": {
                "color": "^5.0.0"
            }
        },
        "node_modules/@skyscanner/bpk-svgs": {
            "version": "20.8.0",
            "resolved": "https://registry.npmjs.org/@skyscanner/bpk-svgs/-/bpk-svgs-20.8.0.tgz",
            "integrity": "sha512-33vw4TMUL1Lkj08GzJhIyaTQ/8pc4goSFoIbMijkr3qO8swmcr9qcp6f7oWr2Y+00yehnp7u3AJKOBwS+mo3bw==",
            "dev": true,
            "engines": {
                "node": ">=18.16.0",
                "npm": ">=9.5.1"
            }
        },
        "node_modules/color": {
            "version": "5.0.0",
            "resolved": "https://registry.npmjs.org/color/-/color-5.0.0.tgz",
            "integrity": "sha512-16BlyiuyLq3MLxpRWyOTiWsO3ii/eLQLJUQXBSNcxMBBSnyt1ee9YUdaozQp03ifwm5woztEZGDbk9RGVuCsdw==",
            "dev": true,
            "dependencies": {
                "color-convert": "^3.0.1",
                "color-string": "^2.0.0"
            },
            "engines": {
                "node": ">=18"
            }
        },
        "node_modules/color-convert": {
            "version": "3.1.0",
            "resolved": "https://registry.npmjs.org/color-convert/-/color-convert-3.1.0.tgz",
            "integrity": "sha512-TVoqAq8ZDIpK5lsQY874DDnu65CSsc9vzq0wLpNQ6UMBq81GSZocVazPiBbYGzngzBOIRahpkTzCLVe2at4MfA==",
            "dev": true,
            "dependencies": {
                "color-name": "^2.0.0"
            },
            "engines": {
                "node": ">=14.6"
            }
        },
        "node_modules/color-name": {
            "version": "2.0.0",
            "resolved": "https://registry.npmjs.org/color-name/-/color-name-2.0.0.tgz",
            "integrity": "sha512-SbtvAMWvASO5TE2QP07jHBMXKafgdZz8Vrsrn96fiL+O92/FN/PLARzUW5sKt013fjAprK2d2iCn2hk2Xb5oow==",
            "dev": true,
            "engines": {
                "node": ">=12.20"
            }
        },
        "node_modules/color-string": {
            "version": "2.0.1",
            "resolved": "https://registry.npmjs.org/color-string/-/color-string-2.0.1.tgz",
            "integrity": "sha512-5z9FbYTZPAo8iKsNEqRNv+OlpBbDcoE+SY9GjLfDUHEfcNNV7tS9eSAlFHEaub/r5tBL9LtskAeq1l9SaoZ5tQ==",
            "dev": true,
            "dependencies": {
                "color-name": "^2.0.0"
            },
            "engines": {
                "node": ">=18"
            }
        }
    },
    "dependencies": {
        "@skyscanner/bpk-foundations-android": {
            "version": "21.1.0",
            "resolved": "https://registry.npmjs.org/@skyscanner/bpk-foundations-android/-/bpk-foundations-android-21.1.0.tgz",
            "integrity": "sha512-nlfyLf+1YaTiekh00enmuD/jlreVRt96m9rire0bvFo70QUsgHUW8o9sglF/XX9U3Gri6cI8aKdKmj+F86MovA==",
            "dev": true,
            "requires": {
                "@skyscanner/bpk-foundations-common": "^21.1.0",
                "color": "^5.0.0"
            }
        },
        "@skyscanner/bpk-foundations-common": {
            "version": "21.1.0",
            "resolved": "https://registry.npmjs.org/@skyscanner/bpk-foundations-common/-/bpk-foundations-common-21.1.0.tgz",
            "integrity": "sha512-HmiT+fHi8XaGYpSi5yUf5w4JV7mxgjuuEmv0v2jmU/FHeWmqPutPPp96GYfEpKy69dTLp2fxGgmGqZD3gQsPyA==",
            "dev": true,
            "requires": {
                "color": "^5.0.0"
            }
        },
        "@skyscanner/bpk-svgs": {
            "version": "20.8.0",
            "resolved": "https://registry.npmjs.org/@skyscanner/bpk-svgs/-/bpk-svgs-20.8.0.tgz",
            "integrity": "sha512-33vw4TMUL1Lkj08GzJhIyaTQ/8pc4goSFoIbMijkr3qO8swmcr9qcp6f7oWr2Y+00yehnp7u3AJKOBwS+mo3bw==",
            "dev": true
        },
        "color": {
            "version": "5.0.0",
            "resolved": "https://registry.npmjs.org/color/-/color-5.0.0.tgz",
            "integrity": "sha512-16BlyiuyLq3MLxpRWyOTiWsO3ii/eLQLJUQXBSNcxMBBSnyt1ee9YUdaozQp03ifwm5woztEZGDbk9RGVuCsdw==",
            "dev": true,
            "requires": {
                "color-convert": "^3.0.1",
                "color-string": "^2.0.0"
            }
        },
        "color-convert": {
            "version": "3.1.0",
            "resolved": "https://registry.npmjs.org/color-convert/-/color-convert-3.1.0.tgz",
            "integrity": "sha512-TVoqAq8ZDIpK5lsQY874DDnu65CSsc9vzq0wLpNQ6UMBq81GSZocVazPiBbYGzngzBOIRahpkTzCLVe2at4MfA==",
            "dev": true,
            "requires": {
                "color-name": "^2.0.0"
            }
        },
        "color-name": {
            "version": "2.0.0",
            "resolved": "https://registry.npmjs.org/color-name/-/color-name-2.0.0.tgz",
            "integrity": "sha512-SbtvAMWvASO5TE2QP07jHBMXKafgdZz8Vrsrn96fiL+O92/FN/PLARzUW5sKt013fjAprK2d2iCn2hk2Xb5oow==",
            "dev": true
        },
        "color-string": {
            "version": "2.0.1",
            "resolved": "https://registry.npmjs.org/color-string/-/color-string-2.0.1.tgz",
            "integrity": "sha512-5z9FbYTZPAo8iKsNEqRNv+OlpBbDcoE+SY9GjLfDUHEfcNNV7tS9eSAlFHEaub/r5tBL9LtskAeq1l9SaoZ5tQ==",
            "dev": true,
            "requires": {
                "color-name": "^2.0.0"
            }
        }
    }
}
