{
    "name": "backpack-android",
    "version": "0.0.0",
    "lockfileVersion": 2,
    "requires": true,
    "packages": {
        "": {
            "name": "backpack-android",
            "version": "0.0.0",
            "license": "Apache-2.0",
            "devDependencies": {
                "@skyscanner/bpk-foundations-android": "^23.0.0",
                "@skyscanner/bpk-svgs": "^20.4.1"
            },
            "engines": {
                "node": "^18.16.0",
                "npm": "^9.5.1"
            }
        },
        "node_modules/@skyscanner/bpk-foundations-android": {
            "version": "23.0.0",
            "resolved": "https://registry.npmjs.org/@skyscanner/bpk-foundations-android/-/bpk-foundations-android-23.0.0.tgz",
            "integrity": "sha512-T0j4xMEM9zkwqWM8Vw0DnyR3LQtNgA28cwIFUWFT0y/ecQIklBElbrIUoGG7ayoIT8jOHjtMgno15cmf6SOyoA==",
            "dev": true,
            "dependencies": {
                "@skyscanner/bpk-foundations-common": "^23.0.0",
                "color": "^5.0.0"
            }
        },
        "node_modules/@skyscanner/bpk-foundations-common": {
            "version": "23.0.0",
            "resolved": "https://registry.npmjs.org/@skyscanner/bpk-foundations-common/-/bpk-foundations-common-23.0.0.tgz",
            "integrity": "sha512-/sQJtmUXp4FCrLbdtj26H/CRAHfYt5HT7WYi9iO31BV6g2BWnnTeFUi4RzoRr8mWFyD9DMTTtt49SDiFJGgZbg==",
            "dev": true,
            "dependencies": {
                "color": "^5.0.0"
            }
        },
        "node_modules/@skyscanner/bpk-svgs": {
            "version": "20.9.0",
            "resolved": "https://registry.npmjs.org/@skyscanner/bpk-svgs/-/bpk-svgs-20.9.0.tgz",
            "integrity": "sha512-QpXCLiQfDM2f19KrYg4e5FTd1KXbup6rnxTmyFtgK91pRc8gWy/GXD0ielqugIKah33vRFR+G1uaji7/puVOPg==",
            "dev": true,
            "engines": {
                "node": ">=18.16.0",
                "npm": ">=9.5.1"
            }
        },
        "node_modules/color": {
            "version": "5.0.2",
            "resolved": "https://registry.npmjs.org/color/-/color-5.0.2.tgz",
            "integrity": "sha512-e2hz5BzbUPcYlIRHo8ieAhYgoajrJr+hWoceg6E345TPsATMUKqDgzt8fSXZJJbxfpiPzkWyphz8yn8At7q3fA==",
            "dev": true,
            "dependencies": {
                "color-convert": "^3.0.1",
                "color-string": "^2.0.0"
            },
            "engines": {
                "node": ">=18"
            }
        },
        "node_modules/color-convert": {
            "version": "3.1.2",
            "resolved": "https://registry.npmjs.org/color-convert/-/color-convert-3.1.2.tgz",
            "integrity": "sha512-UNqkvCDXstVck3kdowtOTWROIJQwafjOfXSmddoDrXo4cewMKmusCeF22Q24zvjR8nwWib/3S/dfyzPItPEiJg==",
            "dev": true,
            "dependencies": {
                "color-name": "^2.0.0"
            },
            "engines": {
                "node": ">=14.6"
            }
        },
        "node_modules/color-name": {
            "version": "2.0.2",
            "resolved": "https://registry.npmjs.org/color-name/-/color-name-2.0.2.tgz",
            "integrity": "sha512-9vEt7gE16EW7Eu7pvZnR0abW9z6ufzhXxGXZEVU9IqPdlsUiMwJeJfRtq0zePUmnbHGT9zajca7mX8zgoayo4A==",
            "dev": true,
            "engines": {
                "node": ">=12.20"
            }
        },
        "node_modules/color-string": {
            "version": "2.1.2",
            "resolved": "https://registry.npmjs.org/color-string/-/color-string-2.1.2.tgz",
            "integrity": "sha512-RxmjYxbWemV9gKu4zPgiZagUxbH3RQpEIO77XoSSX0ivgABDZ+h8Zuash/EMFLTI4N9QgFPOJ6JQpPZKFxa+dA==",
            "dev": true,
            "dependencies": {
                "color-name": "^2.0.0"
            },
            "engines": {
                "node": ">=18"
            }
        }
    },
    "dependencies": {
        "@skyscanner/bpk-foundations-android": {
            "version": "23.0.0",
            "resolved": "https://registry.npmjs.org/@skyscanner/bpk-foundations-android/-/bpk-foundations-android-23.0.0.tgz",
            "integrity": "sha512-T0j4xMEM9zkwqWM8Vw0DnyR3LQtNgA28cwIFUWFT0y/ecQIklBElbrIUoGG7ayoIT8jOHjtMgno15cmf6SOyoA==",
            "dev": true,
            "requires": {
                "@skyscanner/bpk-foundations-common": "^23.0.0",
                "color": "^5.0.0"
            }
        },
        "@skyscanner/bpk-foundations-common": {
            "version": "23.0.0",
            "resolved": "https://registry.npmjs.org/@skyscanner/bpk-foundations-common/-/bpk-foundations-common-23.0.0.tgz",
            "integrity": "sha512-/sQJtmUXp4FCrLbdtj26H/CRAHfYt5HT7WYi9iO31BV6g2BWnnTeFUi4RzoRr8mWFyD9DMTTtt49SDiFJGgZbg==",
            "dev": true,
            "requires": {
                "color": "^5.0.0"
            }
        },
        "@skyscanner/bpk-svgs": {
            "version": "20.9.0",
            "resolved": "https://registry.npmjs.org/@skyscanner/bpk-svgs/-/bpk-svgs-20.9.0.tgz",
            "integrity": "sha512-QpXCLiQfDM2f19KrYg4e5FTd1KXbup6rnxTmyFtgK91pRc8gWy/GXD0ielqugIKah33vRFR+G1uaji7/puVOPg==",
            "dev": true
        },
        "color": {
            "version": "5.0.2",
            "resolved": "https://registry.npmjs.org/color/-/color-5.0.2.tgz",
            "integrity": "sha512-e2hz5BzbUPcYlIRHo8ieAhYgoajrJr+hWoceg6E345TPsATMUKqDgzt8fSXZJJbxfpiPzkWyphz8yn8At7q3fA==",
            "dev": true,
            "requires": {
                "color-convert": "^3.0.1",
                "color-string": "^2.0.0"
            }
        },
        "color-convert": {
            "version": "3.1.2",
            "resolved": "https://registry.npmjs.org/color-convert/-/color-convert-3.1.2.tgz",
            "integrity": "sha512-UNqkvCDXstVck3kdowtOTWROIJQwafjOfXSmddoDrXo4cewMKmusCeF22Q24zvjR8nwWib/3S/dfyzPItPEiJg==",
            "dev": true,
            "requires": {
                "color-name": "^2.0.0"
            }
        },
        "color-name": {
            "version": "2.0.2",
            "resolved": "https://registry.npmjs.org/color-name/-/color-name-2.0.2.tgz",
            "integrity": "sha512-9vEt7gE16EW7Eu7pvZnR0abW9z6ufzhXxGXZEVU9IqPdlsUiMwJeJfRtq0zePUmnbHGT9zajca7mX8zgoayo4A==",
            "dev": true
        },
        "color-string": {
            "version": "2.1.2",
            "resolved": "https://registry.npmjs.org/color-string/-/color-string-2.1.2.tgz",
            "integrity": "sha512-RxmjYxbWemV9gKu4zPgiZagUxbH3RQpEIO77XoSSX0ivgABDZ+h8Zuash/EMFLTI4N9QgFPOJ6JQpPZKFxa+dA==",
            "dev": true,
            "requires": {
                "color-name": "^2.0.0"
            }
        }
    }
}
